
Microsoft Visual Studio Solution File, Format Version 12.00
# Visual Studio 15
VisualStudioVersion = 15.0.28010.2036
MinimumVisualStudioVersion = 10.0.40219.1
Project("{FAE04EC0-301F-11D3-BF4B-00C04F79EFBC}") = "WpfApp2", "WpfApp2\WpfApp2.csproj", "{E246958E-8857-4F85-9377-35860C82F530}"
EndProject
Global
	GlobalSection(SolutionConfigurationPlatforms) = preSolution
		Debug|Any CPU = Debug|Any CPU
		Release|Any CPU = Release|Any CPU
	EndGlobalSection
	GlobalSection(ProjectConfigurationPlatforms) = postSolution
		{E246958E-8857-4F85-9377-35860C82F530}.Debug|Any CPU.ActiveCfg = Debug|Any CPU
		{E246958E-8857-4F85-9377-35860C82F530}.Debug|Any CPU.Build.0 = Debug|Any CPU
		{E246958E-8857-4F85-9377-35860C82F530}.Release|Any CPU.ActiveCfg = Release|Any CPU
		{E246958E-8857-4F85-9377-35860C82F530}.Release|Any CPU.Build.0 = Release|Any CPU
	EndGlobalSection
	GlobalSection(SolutionProperties) = preSolution
		HideSolutionNode = FALSE
	EndGlobalSection
	GlobalSection(ExtensibilityGlobals) = postSolution
		SolutionGuid = {3D501E63-6D95-425A-9E02-7BB46F36FC60}
	EndGlobalSection
EndGlobal
